
Microsoft Visual Studio Solution File, Format Version 12.00
# Visual Studio Version 17
VisualStudioVersion = 17.13.35825.156
MinimumVisualStudioVersion = 10.0.40219.1
Project("{FAE04EC0-301F-11D3-BF4B-00C04F79EFBC}") = "BlazorWASMShenAi", "BlazorWASMShenAi\BlazorWASMShenAi.csproj", "{CBBB31A0-BED4-4B5F-847D-A75C3D872840}"
EndProject
Project("{FAE04EC0-301F-11D3-BF4B-00C04F79EFBC}") = "BlazorWASMShenAi.Client", "BlazorWASMShenAi.Client\BlazorWASMShenAi.Client.csproj", "{0439D364-D3C0-42B6-8923-80C3EB451886}"
EndProject
Global
	GlobalSection(SolutionConfigurationPlatforms) = preSolution
		Debug|Any CPU = Debug|Any CPU
		Release|Any CPU = Release|Any CPU
	EndGlobalSection
	GlobalSection(ProjectConfigurationPlatforms) = postSolution
		{CBBB31A0-BED4-4B5F-847D-A75C3D872840}.Debug|Any CPU.ActiveCfg = Debug|Any CPU
		{CBBB31A0-BED4-4B5F-847D-A75C3D872840}.Debug|Any CPU.Build.0 = Debug|Any CPU
		{CBBB31A0-BED4-4B5F-847D-A75C3D872840}.Release|Any CPU.ActiveCfg = Release|Any CPU
		{CBBB31A0-BED4-4B5F-847D-A75C3D872840}.Release|Any CPU.Build.0 = Release|Any CPU
		{0439D364-D3C0-42B6-8923-80C3EB451886}.Debug|Any CPU.ActiveCfg = Debug|Any CPU
		{0439D364-D3C0-42B6-8923-80C3EB451886}.Debug|Any CPU.Build.0 = Debug|Any CPU
		{0439D364-D3C0-42B6-8923-80C3EB451886}.Release|Any CPU.ActiveCfg = Release|Any CPU
		{0439D364-D3C0-42B6-8923-80C3EB451886}.Release|Any CPU.Build.0 = Release|Any CPU
	EndGlobalSection
	GlobalSection(SolutionProperties) = preSolution
		HideSolutionNode = FALSE
	EndGlobalSection
	GlobalSection(ExtensibilityGlobals) = postSolution
		SolutionGuid = {955CF86F-A763-4620-8565-D4E64D72B6D5}
	EndGlobalSection
EndGlobal
